
Microsoft Visual Studio Solution File, Format Version 12.00
# Visual Studio Version 17
VisualStudioVersion = 17.3.32819.101
MinimumVisualStudioVersion = 10.0.40219.1
Project("{FAE04EC0-301F-11D3-BF4B-00C04F79EFBC}") = "AppIngresoFeicJuridico", "AppIngresoFeicJuridico\AppIngresoFeicJuridico.csproj", "{8E0F1ED7-C95D-4A7C-8A7D-436DC4513FD0}"
EndProject
Global
	GlobalSection(SolutionConfigurationPlatforms) = preSolution
		Debug|Any CPU = Debug|Any CPU
		Release|Any CPU = Release|Any CPU
	EndGlobalSection
	GlobalSection(ProjectConfigurationPlatforms) = postSolution
		{8E0F1ED7-C95D-4A7C-8A7D-436DC4513FD0}.Debug|Any CPU.ActiveCfg = Debug|Any CPU
		{8E0F1ED7-C95D-4A7C-8A7D-436DC4513FD0}.Debug|Any CPU.Build.0 = Debug|Any CPU
		{8E0F1ED7-C95D-4A7C-8A7D-436DC4513FD0}.Release|Any CPU.ActiveCfg = Release|Any CPU
		{8E0F1ED7-C95D-4A7C-8A7D-436DC4513FD0}.Release|Any CPU.Build.0 = Release|Any CPU
	EndGlobalSection
	GlobalSection(SolutionProperties) = preSolution
		HideSolutionNode = FALSE
	EndGlobalSection
	GlobalSection(ExtensibilityGlobals) = postSolution
		SolutionGuid = {B6A020F3-8001-4039-8B55-0367F5B15D00}
	EndGlobalSection
EndGlobal
